
Microsoft Visual Studio Solution File, Format Version 12.00
# Visual Studio 15
VisualStudioVersion = 15.0.28307.2092
MinimumVisualStudioVersion = 10.0.40219.1
Project("{FAE04EC0-301F-11D3-BF4B-00C04F79EFBC}") = "Week2", "Week2\Week2.csproj", "{3C7C9F02-8183-407D-A6B1-81D0CE7AF961}"
EndProject
Project("{FAE04EC0-301F-11D3-BF4B-00C04F79EFBC}") = "EnglishVocab", "WpfApp1\EnglishVocab.csproj", "{33DA70B3-0729-402B-9864-8F38CFDD1FCB}"
EndProject
Global
	GlobalSection(SolutionConfigurationPlatforms) = preSolution
		Debug|Any CPU = Debug|Any CPU
		Release|Any CPU = Release|Any CPU
	EndGlobalSection
	GlobalSection(ProjectConfigurationPlatforms) = postSolution
		{3C7C9F02-8183-407D-A6B1-81D0CE7AF961}.Debug|Any CPU.ActiveCfg = Debug|Any CPU
		{3C7C9F02-8183-407D-A6B1-81D0CE7AF961}.Debug|Any CPU.Build.0 = Debug|Any CPU
		{3C7C9F02-8183-407D-A6B1-81D0CE7AF961}.Release|Any CPU.ActiveCfg = Release|Any CPU
		{3C7C9F02-8183-407D-A6B1-81D0CE7AF961}.Release|Any CPU.Build.0 = Release|Any CPU
		{33DA70B3-0729-402B-9864-8F38CFDD1FCB}.Debug|Any CPU.ActiveCfg = Debug|Any CPU
		{33DA70B3-0729-402B-9864-8F38CFDD1FCB}.Debug|Any CPU.Build.0 = Debug|Any CPU
		{33DA70B3-0729-402B-9864-8F38CFDD1FCB}.Release|Any CPU.ActiveCfg = Release|Any CPU
		{33DA70B3-0729-402B-9864-8F38CFDD1FCB}.Release|Any CPU.Build.0 = Release|Any CPU
	EndGlobalSection
	GlobalSection(SolutionProperties) = preSolution
		HideSolutionNode = FALSE
	EndGlobalSection
	GlobalSection(ExtensibilityGlobals) = postSolution
		SolutionGuid = {994D5101-0647-4287-8EE4-284ABD5B6BE5}
	EndGlobalSection
EndGlobal
